
Microsoft Visual Studio Solution File, Format Version 12.00
# Visual Studio Version 17
VisualStudioVersion = 17.0.31912.275
MinimumVisualStudioVersion = 10.0.40219.1
Project("{FAE04EC0-301F-11D3-BF4B-00C04F79EFBC}") = "bahce", "bahce\bahce.csproj", "{CA6C147F-3EEB-4534-827E-C025F147C810}"
EndProject
Global
	GlobalSection(SolutionConfigurationPlatforms) = preSolution
		Debug|Any CPU = Debug|Any CPU
		Release|Any CPU = Release|Any CPU
	EndGlobalSection
	GlobalSection(ProjectConfigurationPlatforms) = postSolution
		{CA6C147F-3EEB-4534-827E-C025F147C810}.Debug|Any CPU.ActiveCfg = Debug|Any CPU
		{CA6C147F-3EEB-4534-827E-C025F147C810}.Debug|Any CPU.Build.0 = Debug|Any CPU
		{CA6C147F-3EEB-4534-827E-C025F147C810}.Release|Any CPU.ActiveCfg = Release|Any CPU
		{CA6C147F-3EEB-4534-827E-C025F147C810}.Release|Any CPU.Build.0 = Release|Any CPU
	EndGlobalSection
	GlobalSection(SolutionProperties) = preSolution
		HideSolutionNode = FALSE
	EndGlobalSection
	GlobalSection(ExtensibilityGlobals) = postSolution
		SolutionGuid = {E690A988-4FB5-4364-90A9-7AD4CFCB7FF6}
	EndGlobalSection
EndGlobal
